{
  "version": 4,
  "terraform_version": "1.9.4",
  "serial": 6,
  "lineage": "38d3b563-2c2b-c0e9-8be5-ed4b142f0d89",
  "outputs": {},
  "resources": [
    {
      "module": "module.network",
      "mode": "managed",
      "type": "aws_route53_zone",
      "name": "_",
      "provider": "provider[\"registry.terraform.io/hashicorp/aws\"]",
      "instances": [
        {
          "schema_version": 0,
          "attributes": {
            "arn": "arn:aws:route53:::hostedzone/Z097943029E1W6XZYQ3O2",
            "comment": "Managed by Terraform",
            "delegation_set_id": "",
            "force_destroy": false,
            "id": "Z097943029E1W6XZYQ3O2",
            "name": "xn--1ug66vw835b35b.ws",
            "name_servers": [
              "ns-1429.awsdns-50.org",
              "ns-152.awsdns-19.com",
              "ns-1688.awsdns-19.co.uk",
              "ns-662.awsdns-18.net"
            ],
            "primary_name_server": "ns-1688.awsdns-19.co.uk",
            "tags": {},
            "tags_all": {},
            "vpc": [],
            "zone_id": "Z097943029E1W6XZYQ3O2"
          },
          "sensitive_attributes": [],
          "private": "bnVsbA=="
        }
      ]
    }
  ],
  "check_results": null
}
